<?xml version="1.0" encoding="utf-8"?>
<Project ToolsVersion="4.0" xmlns="http://schemas.microsoft.com/developer/msbuild/2003">
  <ItemGroup>
    <Filter Include="Framework">
      <UniqueIdentifier>{4FC737F1-C7A5-4376-A066-2A32D752A2FF}</UniqueIdentifier>
      <Extensions>cpp;c;cc;cxx;c++;cppm;ixx;def;odl;idl;hpj;bat;asm;asmx</Extensions>
    </Filter>
    <Filter Include="Gameplay">
      <UniqueIdentifier>{7b6b75cb-8cd0-43ff-8c38-ebc826d155b4}</UniqueIdentifier>
    </Filter>
    <Filter Include="Test Shape">
      <UniqueIdentifier>{c357c09a-4196-49cc-bc7b-b4e1247ed7bd}</UniqueIdentifier>
    </Filter>
  </ItemGroup>
  <ItemGroup>
    <ClCompile Include="Main_Windows.cpp">
      <Filter>Framework</Filter>
    </ClCompile>
    <ClCompile Include="App.cpp">
      <Filter>Framework</Filter>
    </ClCompile>
    <ClCompile Include="Game.cpp">
      <Filter>Gameplay</Filter>
    </ClCompile>
    <ClCompile Include="Entity.cpp">
      <Filter>Gameplay</Filter>
    </ClCompile>
    <ClCompile Include="GameCommon.cpp">
      <Filter>Framework</Filter>
    </ClCompile>
    <ClCompile Include="GameNearestPoint.cpp">
      <Filter>Gameplay</Filter>
    </ClCompile>
    <ClCompile Include="GameRaycastVsDiscs.cpp">
      <Filter>Gameplay</Filter>
    </ClCompile>
    <ClCompile Include="TestShape.cpp">
      <Filter>Test Shape</Filter>
    </ClCompile>
    <ClCompile Include="TestShapeAABB.cpp">
      <Filter>Test Shape</Filter>
    </ClCompile>
    <ClCompile Include="TestShapeCapsule.cpp">
      <Filter>Test Shape</Filter>
    </ClCompile>
    <ClCompile Include="TestShapeDisc.cpp">
      <Filter>Test Shape</Filter>
    </ClCompile>
    <ClCompile Include="TestShapeLineSegment.cpp">
      <Filter>Test Shape</Filter>
    </ClCompile>
    <ClCompile Include="TestShapeOBB.cpp">
      <Filter>Test Shape</Filter>
    </ClCompile>
    <ClCompile Include="TestShapeTriangle.cpp">
      <Filter>Test Shape</Filter>
    </ClCompile>
    <ClCompile Include="GameRaycastVsLineSegment.cpp">
      <Filter>Gameplay</Filter>
    </ClCompile>
    <ClCompile Include="GameRaycastVsAABB.cpp">
      <Filter>Gameplay</Filter>
    </ClCompile>
    <ClCompile Include="Game3DShapes.cpp">
      <Filter>Gameplay</Filter>
    </ClCompile>
    <ClCompile Include="TestShapeAABB3D.cpp">
      <Filter>Test Shape</Filter>
    </ClCompile>
    <ClCompile Include="TestShapeSphere.cpp">
      <Filter>Test Shape</Filter>
    </ClCompile>
    <ClCompile Include="TestShapeZCylinder.cpp">
      <Filter>Test Shape</Filter>
    </ClCompile>
  </ItemGroup>
  <ItemGroup>
    <ClInclude Include="App.hpp">
      <Filter>Framework</Filter>
    </ClInclude>
    <ClInclude Include="Game.hpp">
      <Filter>Gameplay</Filter>
    </ClInclude>
    <ClInclude Include="Entity.hpp">
      <Filter>Gameplay</Filter>
    </ClInclude>
    <ClInclude Include="GameCommon.hpp">
      <Filter>Framework</Filter>
    </ClInclude>
    <ClInclude Include="EngineBuildPreferences.hpp">
      <Filter>Framework</Filter>
    </ClInclude>
    <ClInclude Include="GameNearestPoint.hpp">
      <Filter>Gameplay</Filter>
    </ClInclude>
    <ClInclude Include="GameRaycastVsDiscs.hpp">
      <Filter>Gameplay</Filter>
    </ClInclude>
    <ClInclude Include="TestShape.hpp">
      <Filter>Test Shape</Filter>
    </ClInclude>
    <ClInclude Include="TestShapeAABB.hpp">
      <Filter>Test Shape</Filter>
    </ClInclude>
    <ClInclude Include="TestShapeCapsule.hpp">
      <Filter>Test Shape</Filter>
    </ClInclude>
    <ClInclude Include="TestShapeDisc.hpp">
      <Filter>Test Shape</Filter>
    </ClInclude>
    <ClInclude Include="TestShapeLineSegment.hpp">
      <Filter>Test Shape</Filter>
    </ClInclude>
    <ClInclude Include="TestShapeOBB.hpp">
      <Filter>Test Shape</Filter>
    </ClInclude>
    <ClInclude Include="GameRaycastVsLineSegment.hpp">
      <Filter>Gameplay</Filter>
    </ClInclude>
    <ClInclude Include="GameRaycastVsAABB.hpp">
      <Filter>Gameplay</Filter>
    </ClInclude>
    <ClInclude Include="Game3DShapes.hpp">
      <Filter>Gameplay</Filter>
    </ClInclude>
    <ClInclude Include="TestShapeAABB3D.hpp">
      <Filter>Test Shape</Filter>
    </ClInclude>
    <ClInclude Include="TestShapeSphere.hpp">
      <Filter>Test Shape</Filter>
    </ClInclude>
    <ClInclude Include="TestShapeZCylinder.hpp">
      <Filter>Test Shape</Filter>
    </ClInclude>
  </ItemGroup>
  <ItemGroup>
    <None Include="TestShapeTriangle.hpp">
      <Filter>Test Shape</Filter>
    </None>
  </ItemGroup>
</Project>