
Microsoft Visual Studio Solution File, Format Version 12.00
# Visual Studio Version 17
VisualStudioVersion = 17.14.36414.22
MinimumVisualStudioVersion = 10.0.40219.1
Project("{8BC9CEB8-8B4A-11D0-8D11-00A0C91BC942}") = "MathVisualTests", "Code\Game\Game.vcxproj", "{21571E6D-5E18-423C-BA26-714436E116BB}"
EndProject
Project("{8BC9CEB8-8B4A-11D0-8D11-00A0C91BC942}") = "Engine", "..\Engine\Code\Engine\Engine.vcxproj", "{CA1D76D2-4BE8-461A-AF44-8B5D45EE133E}"
EndProject
Global
	GlobalSection(SolutionConfigurationPlatforms) = preSolution
		Debug|x64 = Debug|x64
		Debug|x86 = Debug|x86
		Release|x64 = Release|x64
		Release|x86 = Release|x86
	EndGlobalSection
	GlobalSection(ProjectConfigurationPlatforms) = postSolution
		{21571E6D-5E18-423C-BA26-714436E116BB}.Debug|x64.ActiveCfg = Debug|x64
		{21571E6D-5E18-423C-BA26-714436E116BB}.Debug|x64.Build.0 = Debug|x64
		{21571E6D-5E18-423C-BA26-714436E116BB}.Debug|x86.ActiveCfg = Debug|Win32
		{21571E6D-5E18-423C-BA26-714436E116BB}.Debug|x86.Build.0 = Debug|Win32
		{21571E6D-5E18-423C-BA26-714436E116BB}.Release|x64.ActiveCfg = Release|x64
		{21571E6D-5E18-423C-BA26-714436E116BB}.Release|x64.Build.0 = Release|x64
		{21571E6D-5E18-423C-BA26-714436E116BB}.Release|x86.ActiveCfg = Release|Win32
		{21571E6D-5E18-423C-BA26-714436E116BB}.Release|x86.Build.0 = Release|Win32
		{CA1D76D2-4BE8-461A-AF44-8B5D45EE133E}.Debug|x64.ActiveCfg = Debug|x64
		{CA1D76D2-4BE8-461A-AF44-8B5D45EE133E}.Debug|x64.Build.0 = Debug|x64
		{CA1D76D2-4BE8-461A-AF44-8B5D45EE133E}.Debug|x86.ActiveCfg = Debug|Win32
		{CA1D76D2-4BE8-461A-AF44-8B5D45EE133E}.Debug|x86.Build.0 = Debug|Win32
		{CA1D76D2-4BE8-461A-AF44-8B5D45EE133E}.Release|x64.ActiveCfg = Release|x64
		{CA1D76D2-4BE8-461A-AF44-8B5D45EE133E}.Release|x64.Build.0 = Release|x64
		{CA1D76D2-4BE8-461A-AF44-8B5D45EE133E}.Release|x86.ActiveCfg = Release|Win32
		{CA1D76D2-4BE8-461A-AF44-8B5D45EE133E}.Release|x86.Build.0 = Release|Win32
	EndGlobalSection
	GlobalSection(SolutionProperties) = preSolution
		HideSolutionNode = FALSE
	EndGlobalSection
	GlobalSection(ExtensibilityGlobals) = postSolution
		SolutionGuid = {67CD7603-34EF-4299-BB39-B5CC26CAE76A}
	EndGlobalSection
EndGlobal
