<?xml version="1.0" encoding="utf-8"?>
<Project ToolsVersion="4.0" xmlns="http://schemas.microsoft.com/developer/msbuild/2003">
  <ItemGroup>
    <Filter Include="Framework">
      <UniqueIdentifier>{4FC737F1-C7A5-4376-A066-2A32D752A2FF}</UniqueIdentifier>
      <Extensions>cpp;c;cc;cxx;c++;cppm;ixx;def;odl;idl;hpj;bat;asm;asmx</Extensions>
    </Filter>
    <Filter Include="Gameplay">
      <UniqueIdentifier>{7b6b75cb-8cd0-43ff-8c38-ebc826d155b4}</UniqueIdentifier>
    </Filter>
    <Filter Include="Gameplay\Board">
      <UniqueIdentifier>{664d0d06-d415-4155-a44b-a33a0562a952}</UniqueIdentifier>
    </Filter>
    <Filter Include="Gameplay\Cards">
      <UniqueIdentifier>{909508df-9b9b-459b-84f3-785f6fddace6}</UniqueIdentifier>
    </Filter>
  </ItemGroup>
  <ItemGroup>
    <ClCompile Include="Main_Windows.cpp">
      <Filter>Framework</Filter>
    </ClCompile>
    <ClCompile Include="App.cpp">
      <Filter>Framework</Filter>
    </ClCompile>
    <ClCompile Include="Game.cpp">
      <Filter>Gameplay</Filter>
    </ClCompile>
    <ClCompile Include="GameCommon.cpp">
      <Filter>Framework</Filter>
    </ClCompile>
    <ClCompile Include="Board.cpp">
      <Filter>Gameplay\Board</Filter>
    </ClCompile>
    <ClCompile Include="Card.cpp">
      <Filter>Gameplay\Cards</Filter>
    </ClCompile>
  </ItemGroup>
  <ItemGroup>
    <ClInclude Include="App.hpp">
      <Filter>Framework</Filter>
    </ClInclude>
    <ClInclude Include="Game.hpp">
      <Filter>Gameplay</Filter>
    </ClInclude>
    <ClInclude Include="GameCommon.hpp">
      <Filter>Framework</Filter>
    </ClInclude>
    <ClInclude Include="EngineBuildPreferences.hpp">
      <Filter>Framework</Filter>
    </ClInclude>
    <ClInclude Include="Board.hpp">
      <Filter>Gameplay\Board</Filter>
    </ClInclude>
    <ClInclude Include="Card.hpp">
      <Filter>Gameplay\Cards</Filter>
    </ClInclude>
  </ItemGroup>
</Project>